
Microsoft Visual Studio Solution File, Format Version 12.00
# Visual Studio Version 16
VisualStudioVersion = 16.0.31424.327
MinimumVisualStudioVersion = 10.0.40219.1
Project("{FAE04EC0-301F-11D3-BF4B-00C04F79EFBC}") = "Ecommerce.WebLayer1", "Ecommerce.WebLayer\Ecommerce.WebLayer1.csproj", "{739A65BC-91B2-47CF-BD78-9AAE6CF0D371}"
EndProject
Project("{FAE04EC0-301F-11D3-BF4B-00C04F79EFBC}") = "EcommerceEntitiesLayer3", "EcommerceEntitiesLayer\EcommerceEntitiesLayer3.csproj", "{E1FB12DB-E426-4473-90A9-80EE67E4F2F4}"
EndProject
Project("{FAE04EC0-301F-11D3-BF4B-00C04F79EFBC}") = "EcommerceDatabaseLayer2", "EcommerceDatabaseLayer\EcommerceDatabaseLayer2.csproj", "{0CEE561D-2C51-4426-8459-8D63C08A915D}"
EndProject
Project("{FAE04EC0-301F-11D3-BF4B-00C04F79EFBC}") = "EcoomerceServicesLayer4", "EcoomerceServicesLayer\EcoomerceServicesLayer4.csproj", "{E722A0BD-87D0-4700-BF0C-3AD3C338698B}"
EndProject
Global
	GlobalSection(SolutionConfigurationPlatforms) = preSolution
		Debug|Any CPU = Debug|Any CPU
		Release|Any CPU = Release|Any CPU
	EndGlobalSection
	GlobalSection(ProjectConfigurationPlatforms) = postSolution
		{739A65BC-91B2-47CF-BD78-9AAE6CF0D371}.Debug|Any CPU.ActiveCfg = Debug|Any CPU
		{739A65BC-91B2-47CF-BD78-9AAE6CF0D371}.Debug|Any CPU.Build.0 = Debug|Any CPU
		{739A65BC-91B2-47CF-BD78-9AAE6CF0D371}.Release|Any CPU.ActiveCfg = Release|Any CPU
		{739A65BC-91B2-47CF-BD78-9AAE6CF0D371}.Release|Any CPU.Build.0 = Release|Any CPU
		{E1FB12DB-E426-4473-90A9-80EE67E4F2F4}.Debug|Any CPU.ActiveCfg = Debug|Any CPU
		{E1FB12DB-E426-4473-90A9-80EE67E4F2F4}.Debug|Any CPU.Build.0 = Debug|Any CPU
		{E1FB12DB-E426-4473-90A9-80EE67E4F2F4}.Release|Any CPU.ActiveCfg = Release|Any CPU
		{E1FB12DB-E426-4473-90A9-80EE67E4F2F4}.Release|Any CPU.Build.0 = Release|Any CPU
		{0CEE561D-2C51-4426-8459-8D63C08A915D}.Debug|Any CPU.ActiveCfg = Debug|Any CPU
		{0CEE561D-2C51-4426-8459-8D63C08A915D}.Debug|Any CPU.Build.0 = Debug|Any CPU
		{0CEE561D-2C51-4426-8459-8D63C08A915D}.Release|Any CPU.ActiveCfg = Release|Any CPU
		{0CEE561D-2C51-4426-8459-8D63C08A915D}.Release|Any CPU.Build.0 = Release|Any CPU
		{E722A0BD-87D0-4700-BF0C-3AD3C338698B}.Debug|Any CPU.ActiveCfg = Debug|Any CPU
		{E722A0BD-87D0-4700-BF0C-3AD3C338698B}.Debug|Any CPU.Build.0 = Debug|Any CPU
		{E722A0BD-87D0-4700-BF0C-3AD3C338698B}.Release|Any CPU.ActiveCfg = Release|Any CPU
		{E722A0BD-87D0-4700-BF0C-3AD3C338698B}.Release|Any CPU.Build.0 = Release|Any CPU
	EndGlobalSection
	GlobalSection(SolutionProperties) = preSolution
		HideSolutionNode = FALSE
	EndGlobalSection
	GlobalSection(ExtensibilityGlobals) = postSolution
		SolutionGuid = {4F8BF96D-13C9-4A2A-8538-4DC2AEE20D44}
	EndGlobalSection
EndGlobal
